
Microsoft Visual Studio Solution File, Format Version 12.00
# Visual Studio 14
VisualStudioVersion = 14.0.25420.1
MinimumVisualStudioVersion = 10.0.40219.1
Project("{FAE04EC0-301F-11D3-BF4B-00C04F79EFBC}") = "CI.Nuget.ClassLibrary", "CI.Nuget.ClassLibrary\CI.Nuget.ClassLibrary.csproj", "{238B3E3C-3944-4DC5-B2AC-54644A85D1C6}"
EndProject
Project("{FAE04EC0-301F-11D3-BF4B-00C04F79EFBC}") = "CI.Nuget.ConsoleApp", "CI.Nuget.ConsoleApp\CI.Nuget.ConsoleApp.csproj", "{10874BDD-1817-4EED-A1BD-BB892BA31702}"
EndProject
Project("{FAE04EC0-301F-11D3-BF4B-00C04F79EFBC}") = "CI.Nuget.Server", "CI.Nuget.Server\CI.Nuget.Server.csproj", "{82FE9A5E-5CDE-4A67-A9E3-25585EB4C1C2}"
EndProject
Global
	GlobalSection(SolutionConfigurationPlatforms) = preSolution
		Debug|Any CPU = Debug|Any CPU
		Release|Any CPU = Release|Any CPU
	EndGlobalSection
	GlobalSection(ProjectConfigurationPlatforms) = postSolution
		{238B3E3C-3944-4DC5-B2AC-54644A85D1C6}.Debug|Any CPU.ActiveCfg = Debug|Any CPU
		{238B3E3C-3944-4DC5-B2AC-54644A85D1C6}.Debug|Any CPU.Build.0 = Debug|Any CPU
		{238B3E3C-3944-4DC5-B2AC-54644A85D1C6}.Release|Any CPU.ActiveCfg = Release|Any CPU
		{238B3E3C-3944-4DC5-B2AC-54644A85D1C6}.Release|Any CPU.Build.0 = Release|Any CPU
		{10874BDD-1817-4EED-A1BD-BB892BA31702}.Debug|Any CPU.ActiveCfg = Debug|Any CPU
		{10874BDD-1817-4EED-A1BD-BB892BA31702}.Debug|Any CPU.Build.0 = Debug|Any CPU
		{10874BDD-1817-4EED-A1BD-BB892BA31702}.Release|Any CPU.ActiveCfg = Release|Any CPU
		{10874BDD-1817-4EED-A1BD-BB892BA31702}.Release|Any CPU.Build.0 = Release|Any CPU
		{82FE9A5E-5CDE-4A67-A9E3-25585EB4C1C2}.Debug|Any CPU.ActiveCfg = Debug|Any CPU
		{82FE9A5E-5CDE-4A67-A9E3-25585EB4C1C2}.Debug|Any CPU.Build.0 = Debug|Any CPU
		{82FE9A5E-5CDE-4A67-A9E3-25585EB4C1C2}.Release|Any CPU.ActiveCfg = Release|Any CPU
		{82FE9A5E-5CDE-4A67-A9E3-25585EB4C1C2}.Release|Any CPU.Build.0 = Release|Any CPU
	EndGlobalSection
	GlobalSection(SolutionProperties) = preSolution
		HideSolutionNode = FALSE
	EndGlobalSection
EndGlobal
