
Microsoft Visual Studio Solution File, Format Version 12.00
# Visual Studio 14
VisualStudioVersion = 14.0.25420.1
MinimumVisualStudioVersion = 10.0.40219.1
Project("{FAE04EC0-301F-11D3-BF4B-00C04F79EFBC}") = "MultiThreading", "MultiThreading\MultiThreading.csproj", "{BD6AEB07-93EA-4BD1-A2D4-21E3363DD89B}"
EndProject
Project("{FAE04EC0-301F-11D3-BF4B-00C04F79EFBC}") = "Parrallesm", "Parrallesm\Parrallesm.csproj", "{D60BB435-1A33-4CD3-B70C-05AFC85F085E}"
EndProject
Global
	GlobalSection(SolutionConfigurationPlatforms) = preSolution
		Debug|Any CPU = Debug|Any CPU
		Release|Any CPU = Release|Any CPU
	EndGlobalSection
	GlobalSection(ProjectConfigurationPlatforms) = postSolution
		{BD6AEB07-93EA-4BD1-A2D4-21E3363DD89B}.Debug|Any CPU.ActiveCfg = Debug|Any CPU
		{BD6AEB07-93EA-4BD1-A2D4-21E3363DD89B}.Debug|Any CPU.Build.0 = Debug|Any CPU
		{BD6AEB07-93EA-4BD1-A2D4-21E3363DD89B}.Release|Any CPU.ActiveCfg = Release|Any CPU
		{BD6AEB07-93EA-4BD1-A2D4-21E3363DD89B}.Release|Any CPU.Build.0 = Release|Any CPU
		{D60BB435-1A33-4CD3-B70C-05AFC85F085E}.Debug|Any CPU.ActiveCfg = Debug|Any CPU
		{D60BB435-1A33-4CD3-B70C-05AFC85F085E}.Debug|Any CPU.Build.0 = Debug|Any CPU
		{D60BB435-1A33-4CD3-B70C-05AFC85F085E}.Release|Any CPU.ActiveCfg = Release|Any CPU
		{D60BB435-1A33-4CD3-B70C-05AFC85F085E}.Release|Any CPU.Build.0 = Release|Any CPU
	EndGlobalSection
	GlobalSection(SolutionProperties) = preSolution
		HideSolutionNode = FALSE
	EndGlobalSection
EndGlobal
