
Microsoft Visual Studio Solution File, Format Version 12.00
# Visual Studio 14
VisualStudioVersion = 14.0.25420.1
MinimumVisualStudioVersion = 10.0.40219.1
Project("{2150E333-8FDC-42A3-9474-1A3956D46DE8}") = "src", "src", "{00D5AF3C-FCF5-4189-94A7-885E23E950E5}"
EndProject
Project("{2150E333-8FDC-42A3-9474-1A3956D46DE8}") = "Solution Items", "Solution Items", "{B7A2275C-E666-4574-B00A-76971C109FC5}"
	ProjectSection(SolutionItems) = preProject
		global.json = global.json
	EndProjectSection
EndProject
Project("{8BB2217D-0F2D-49D1-97BC-3654ED321F3B}") = "CityInfo.Api", "src\CityInfo.Api\CityInfo.Api.xproj", "{84D000DE-8B1F-463C-AEAF-8A5CF501F066}"
EndProject
Global
	GlobalSection(SolutionConfigurationPlatforms) = preSolution
		Debug|Any CPU = Debug|Any CPU
		Release|Any CPU = Release|Any CPU
	EndGlobalSection
	GlobalSection(ProjectConfigurationPlatforms) = postSolution
		{84D000DE-8B1F-463C-AEAF-8A5CF501F066}.Debug|Any CPU.ActiveCfg = Debug|Any CPU
		{84D000DE-8B1F-463C-AEAF-8A5CF501F066}.Debug|Any CPU.Build.0 = Debug|Any CPU
		{84D000DE-8B1F-463C-AEAF-8A5CF501F066}.Release|Any CPU.ActiveCfg = Release|Any CPU
		{84D000DE-8B1F-463C-AEAF-8A5CF501F066}.Release|Any CPU.Build.0 = Release|Any CPU
	EndGlobalSection
	GlobalSection(SolutionProperties) = preSolution
		HideSolutionNode = FALSE
	EndGlobalSection
	GlobalSection(NestedProjects) = preSolution
		{84D000DE-8B1F-463C-AEAF-8A5CF501F066} = {00D5AF3C-FCF5-4189-94A7-885E23E950E5}
	EndGlobalSection
EndGlobal
