
Microsoft Visual Studio Solution File, Format Version 12.00
# Visual Studio 14
VisualStudioVersion = 14.0.25420.1
MinimumVisualStudioVersion = 10.0.40219.1
Project("{FAE04EC0-301F-11D3-BF4B-00C04F79EFBC}") = "Binary", "Binary\Binary.csproj", "{7933C844-E1AE-4D71-982F-EB32621801B4}"
EndProject
Project("{FAE04EC0-301F-11D3-BF4B-00C04F79EFBC}") = "FuncActionPredicate", "FuncActionPredicate\FuncActionPredicate.csproj", "{EA49DED9-B5B7-4ADD-A052-A62EBA6F79D5}"
EndProject
Project("{FAE04EC0-301F-11D3-BF4B-00C04F79EFBC}") = "TestThread", "TestThread\TestThread.csproj", "{70D8E571-A184-4518-B8A6-9044A3AABD55}"
EndProject
Project("{FAE04EC0-301F-11D3-BF4B-00C04F79EFBC}") = "Thread1", "Thread1\Thread1.csproj", "{34EDB708-3830-44F9-A67C-C78AEEBC8093}"
EndProject
Project("{FAE04EC0-301F-11D3-BF4B-00C04F79EFBC}") = "AsyncAwait", "AsyncAwait\AsyncAwait.csproj", "{1C677B66-4691-4A9F-9716-7D300EEF684E}"
EndProject
Project("{FAE04EC0-301F-11D3-BF4B-00C04F79EFBC}") = "AsyncAwait1", "AsyncAwait1\AsyncAwait1.csproj", "{FB1BE7BE-BF55-4A83-ABF1-3171EF3D782D}"
EndProject
Project("{FAE04EC0-301F-11D3-BF4B-00C04F79EFBC}") = "Task1", "Task1\Task1.csproj", "{3FCE4077-2B91-42FA-9D20-2844E2ADA164}"
EndProject
Project("{FAE04EC0-301F-11D3-BF4B-00C04F79EFBC}") = "Task2", "Task2\Task2.csproj", "{395D8410-94D8-4617-9A9A-1DC5C974D03B}"
EndProject
Project("{FAE04EC0-301F-11D3-BF4B-00C04F79EFBC}") = "Lambda", "Lambda\Lambda.csproj", "{65F44DAF-5826-4DD2-9A16-501169E31932}"
EndProject
Project("{FAE04EC0-301F-11D3-BF4B-00C04F79EFBC}") = "Task3", "Task3\Task3.csproj", "{F8151C0D-31A6-493A-B122-87C0E52CDFAD}"
EndProject
Global
	GlobalSection(SolutionConfigurationPlatforms) = preSolution
		Debug|Any CPU = Debug|Any CPU
		Release|Any CPU = Release|Any CPU
	EndGlobalSection
	GlobalSection(ProjectConfigurationPlatforms) = postSolution
		{7933C844-E1AE-4D71-982F-EB32621801B4}.Debug|Any CPU.ActiveCfg = Debug|Any CPU
		{7933C844-E1AE-4D71-982F-EB32621801B4}.Debug|Any CPU.Build.0 = Debug|Any CPU
		{7933C844-E1AE-4D71-982F-EB32621801B4}.Release|Any CPU.ActiveCfg = Release|Any CPU
		{7933C844-E1AE-4D71-982F-EB32621801B4}.Release|Any CPU.Build.0 = Release|Any CPU
		{EA49DED9-B5B7-4ADD-A052-A62EBA6F79D5}.Debug|Any CPU.ActiveCfg = Debug|Any CPU
		{EA49DED9-B5B7-4ADD-A052-A62EBA6F79D5}.Debug|Any CPU.Build.0 = Debug|Any CPU
		{EA49DED9-B5B7-4ADD-A052-A62EBA6F79D5}.Release|Any CPU.ActiveCfg = Release|Any CPU
		{EA49DED9-B5B7-4ADD-A052-A62EBA6F79D5}.Release|Any CPU.Build.0 = Release|Any CPU
		{70D8E571-A184-4518-B8A6-9044A3AABD55}.Debug|Any CPU.ActiveCfg = Debug|Any CPU
		{70D8E571-A184-4518-B8A6-9044A3AABD55}.Debug|Any CPU.Build.0 = Debug|Any CPU
		{70D8E571-A184-4518-B8A6-9044A3AABD55}.Release|Any CPU.ActiveCfg = Release|Any CPU
		{70D8E571-A184-4518-B8A6-9044A3AABD55}.Release|Any CPU.Build.0 = Release|Any CPU
		{34EDB708-3830-44F9-A67C-C78AEEBC8093}.Debug|Any CPU.ActiveCfg = Debug|Any CPU
		{34EDB708-3830-44F9-A67C-C78AEEBC8093}.Debug|Any CPU.Build.0 = Debug|Any CPU
		{34EDB708-3830-44F9-A67C-C78AEEBC8093}.Release|Any CPU.ActiveCfg = Release|Any CPU
		{34EDB708-3830-44F9-A67C-C78AEEBC8093}.Release|Any CPU.Build.0 = Release|Any CPU
		{1C677B66-4691-4A9F-9716-7D300EEF684E}.Debug|Any CPU.ActiveCfg = Debug|Any CPU
		{1C677B66-4691-4A9F-9716-7D300EEF684E}.Debug|Any CPU.Build.0 = Debug|Any CPU
		{1C677B66-4691-4A9F-9716-7D300EEF684E}.Release|Any CPU.ActiveCfg = Release|Any CPU
		{1C677B66-4691-4A9F-9716-7D300EEF684E}.Release|Any CPU.Build.0 = Release|Any CPU
		{FB1BE7BE-BF55-4A83-ABF1-3171EF3D782D}.Debug|Any CPU.ActiveCfg = Debug|Any CPU
		{FB1BE7BE-BF55-4A83-ABF1-3171EF3D782D}.Debug|Any CPU.Build.0 = Debug|Any CPU
		{FB1BE7BE-BF55-4A83-ABF1-3171EF3D782D}.Release|Any CPU.ActiveCfg = Release|Any CPU
		{FB1BE7BE-BF55-4A83-ABF1-3171EF3D782D}.Release|Any CPU.Build.0 = Release|Any CPU
		{3FCE4077-2B91-42FA-9D20-2844E2ADA164}.Debug|Any CPU.ActiveCfg = Debug|Any CPU
		{3FCE4077-2B91-42FA-9D20-2844E2ADA164}.Debug|Any CPU.Build.0 = Debug|Any CPU
		{3FCE4077-2B91-42FA-9D20-2844E2ADA164}.Release|Any CPU.ActiveCfg = Release|Any CPU
		{3FCE4077-2B91-42FA-9D20-2844E2ADA164}.Release|Any CPU.Build.0 = Release|Any CPU
		{395D8410-94D8-4617-9A9A-1DC5C974D03B}.Debug|Any CPU.ActiveCfg = Debug|Any CPU
		{395D8410-94D8-4617-9A9A-1DC5C974D03B}.Debug|Any CPU.Build.0 = Debug|Any CPU
		{395D8410-94D8-4617-9A9A-1DC5C974D03B}.Release|Any CPU.ActiveCfg = Release|Any CPU
		{395D8410-94D8-4617-9A9A-1DC5C974D03B}.Release|Any CPU.Build.0 = Release|Any CPU
		{65F44DAF-5826-4DD2-9A16-501169E31932}.Debug|Any CPU.ActiveCfg = Debug|Any CPU
		{65F44DAF-5826-4DD2-9A16-501169E31932}.Debug|Any CPU.Build.0 = Debug|Any CPU
		{65F44DAF-5826-4DD2-9A16-501169E31932}.Release|Any CPU.ActiveCfg = Release|Any CPU
		{65F44DAF-5826-4DD2-9A16-501169E31932}.Release|Any CPU.Build.0 = Release|Any CPU
		{F8151C0D-31A6-493A-B122-87C0E52CDFAD}.Debug|Any CPU.ActiveCfg = Debug|Any CPU
		{F8151C0D-31A6-493A-B122-87C0E52CDFAD}.Debug|Any CPU.Build.0 = Debug|Any CPU
		{F8151C0D-31A6-493A-B122-87C0E52CDFAD}.Release|Any CPU.ActiveCfg = Release|Any CPU
		{F8151C0D-31A6-493A-B122-87C0E52CDFAD}.Release|Any CPU.Build.0 = Release|Any CPU
	EndGlobalSection
	GlobalSection(SolutionProperties) = preSolution
		HideSolutionNode = FALSE
	EndGlobalSection
EndGlobal
