
Microsoft Visual Studio Solution File, Format Version 12.00
# Visual Studio 14
VisualStudioVersion = 14.0.25420.1
MinimumVisualStudioVersion = 10.0.40219.1
Project("{FAE04EC0-301F-11D3-BF4B-00C04F79EFBC}") = "Binary", "Binary\Binary.csproj", "{7933C844-E1AE-4D71-982F-EB32621801B4}"
EndProject
Project("{FAE04EC0-301F-11D3-BF4B-00C04F79EFBC}") = "FuncActionPredicate", "FuncActionPredicate\FuncActionPredicate.csproj", "{EA49DED9-B5B7-4ADD-A052-A62EBA6F79D5}"
EndProject
Project("{FAE04EC0-301F-11D3-BF4B-00C04F79EFBC}") = "TestThread", "TestThread\TestThread.csproj", "{70D8E571-A184-4518-B8A6-9044A3AABD55}"
EndProject
Project("{FAE04EC0-301F-11D3-BF4B-00C04F79EFBC}") = "Thread1", "Thread1\Thread1.csproj", "{34EDB708-3830-44F9-A67C-C78AEEBC8093}"
EndProject
Project("{FAE04EC0-301F-11D3-BF4B-00C04F79EFBC}") = "AsyncAwait", "AsyncAwait\AsyncAwait.csproj", "{1C677B66-4691-4A9F-9716-7D300EEF684E}"
EndProject
Project("{FAE04EC0-301F-11D3-BF4B-00C04F79EFBC}") = "AsyncAwait1", "AsyncAwait1\AsyncAwait1.csproj", "{FB1BE7BE-BF55-4A83-ABF1-3171EF3D782D}"
EndProject
Project("{FAE04EC0-301F-11D3-BF4B-00C04F79EFBC}") = "Task1", "Task1\Task1.csproj", "{3FCE4077-2B91-42FA-9D20-2844E2ADA164}"
EndProject
Project("{FAE04EC0-301F-11D3-BF4B-00C04F79EFBC}") = "Task2", "Task2\Task2.csproj", "{395D8410-94D8-4617-9A9A-1DC5C974D03B}"
EndProject
Project("{FAE04EC0-301F-11D3-BF4B-00C04F79EFBC}") = "Lambda", "Lambda\Lambda.csproj", "{65F44DAF-5826-4DD2-9A16-501169E31932}"
EndProject
Project("{FAE04EC0-301F-11D3-BF4B-00C04F79EFBC}") = "Task3", "Task3\Task3.csproj", "{F8151C0D-31A6-493A-B122-87C0E52CDFAD}"
EndProject
Project("{FAE04EC0-301F-11D3-BF4B-00C04F79EFBC}") = "DecoratorPattern", "DecoratorPattern\DecoratorPattern.csproj", "{D93D1C50-075C-44F4-8540-9D5BDB0AF05E}"
EndProject
Project("{FAE04EC0-301F-11D3-BF4B-00C04F79EFBC}") = "EventDelegate", "EventDelegate\EventDelegate.csproj", "{5A6C5CAD-5F3F-4AA3-9ECF-9368AD33E828}"
EndProject
Project("{FAE04EC0-301F-11D3-BF4B-00C04F79EFBC}") = "EventDelegate1", "EventDelegate1\EventDelegate1.csproj", "{B5D9A983-7BF2-47D2-940C-0EBFA03EB394}"
EndProject
Project("{FAE04EC0-301F-11D3-BF4B-00C04F79EFBC}") = "EventDelegate2", "EventDelegate2\EventDelegate2.csproj", "{4A6F9145-C28B-459E-8C29-C6AAE5815CA6}"
EndProject
Project("{FAE04EC0-301F-11D3-BF4B-00C04F79EFBC}") = "Parameters", "Parameters\Parameters.csproj", "{3F7765AA-03AD-4B73-A834-C06E63C8A849}"
EndProject
Project("{FAE04EC0-301F-11D3-BF4B-00C04F79EFBC}") = "Methods", "Methods\Methods.csproj", "{760F03C9-9BA9-459B-AC07-805A232DEAAC}"
EndProject
Project("{FAE04EC0-301F-11D3-BF4B-00C04F79EFBC}") = "ExpressionTest", "ExpressionTest\ExpressionTest.csproj", "{F6FC2DC0-080D-4F55-80EC-AD22EE1051E0}"
EndProject
Project("{FAE04EC0-301F-11D3-BF4B-00C04F79EFBC}") = "Generics", "Generics\Generics.csproj", "{5E43F234-7F3D-4B6A-8EFD-E3B38F60C51E}"
EndProject
Project("{FAE04EC0-301F-11D3-BF4B-00C04F79EFBC}") = "EventDelegate3", "EventDelegate3\EventDelegate3.csproj", "{969B38E2-745F-4605-8EB0-021B5389E261}"
EndProject
Global
	GlobalSection(SolutionConfigurationPlatforms) = preSolution
		Debug|Any CPU = Debug|Any CPU
		Release|Any CPU = Release|Any CPU
	EndGlobalSection
	GlobalSection(ProjectConfigurationPlatforms) = postSolution
		{7933C844-E1AE-4D71-982F-EB32621801B4}.Debug|Any CPU.ActiveCfg = Debug|Any CPU
		{7933C844-E1AE-4D71-982F-EB32621801B4}.Debug|Any CPU.Build.0 = Debug|Any CPU
		{7933C844-E1AE-4D71-982F-EB32621801B4}.Release|Any CPU.ActiveCfg = Release|Any CPU
		{7933C844-E1AE-4D71-982F-EB32621801B4}.Release|Any CPU.Build.0 = Release|Any CPU
		{EA49DED9-B5B7-4ADD-A052-A62EBA6F79D5}.Debug|Any CPU.ActiveCfg = Debug|Any CPU
		{EA49DED9-B5B7-4ADD-A052-A62EBA6F79D5}.Debug|Any CPU.Build.0 = Debug|Any CPU
		{EA49DED9-B5B7-4ADD-A052-A62EBA6F79D5}.Release|Any CPU.ActiveCfg = Release|Any CPU
		{EA49DED9-B5B7-4ADD-A052-A62EBA6F79D5}.Release|Any CPU.Build.0 = Release|Any CPU
		{70D8E571-A184-4518-B8A6-9044A3AABD55}.Debug|Any CPU.ActiveCfg = Debug|Any CPU
		{70D8E571-A184-4518-B8A6-9044A3AABD55}.Debug|Any CPU.Build.0 = Debug|Any CPU
		{70D8E571-A184-4518-B8A6-9044A3AABD55}.Release|Any CPU.ActiveCfg = Release|Any CPU
		{70D8E571-A184-4518-B8A6-9044A3AABD55}.Release|Any CPU.Build.0 = Release|Any CPU
		{34EDB708-3830-44F9-A67C-C78AEEBC8093}.Debug|Any CPU.ActiveCfg = Debug|Any CPU
		{34EDB708-3830-44F9-A67C-C78AEEBC8093}.Debug|Any CPU.Build.0 = Debug|Any CPU
		{34EDB708-3830-44F9-A67C-C78AEEBC8093}.Release|Any CPU.ActiveCfg = Release|Any CPU
		{34EDB708-3830-44F9-A67C-C78AEEBC8093}.Release|Any CPU.Build.0 = Release|Any CPU
		{1C677B66-4691-4A9F-9716-7D300EEF684E}.Debug|Any CPU.ActiveCfg = Debug|Any CPU
		{1C677B66-4691-4A9F-9716-7D300EEF684E}.Debug|Any CPU.Build.0 = Debug|Any CPU
		{1C677B66-4691-4A9F-9716-7D300EEF684E}.Release|Any CPU.ActiveCfg = Release|Any CPU
		{1C677B66-4691-4A9F-9716-7D300EEF684E}.Release|Any CPU.Build.0 = Release|Any CPU
		{FB1BE7BE-BF55-4A83-ABF1-3171EF3D782D}.Debug|Any CPU.ActiveCfg = Debug|Any CPU
		{FB1BE7BE-BF55-4A83-ABF1-3171EF3D782D}.Debug|Any CPU.Build.0 = Debug|Any CPU
		{FB1BE7BE-BF55-4A83-ABF1-3171EF3D782D}.Release|Any CPU.ActiveCfg = Release|Any CPU
		{FB1BE7BE-BF55-4A83-ABF1-3171EF3D782D}.Release|Any CPU.Build.0 = Release|Any CPU
		{3FCE4077-2B91-42FA-9D20-2844E2ADA164}.Debug|Any CPU.ActiveCfg = Debug|Any CPU
		{3FCE4077-2B91-42FA-9D20-2844E2ADA164}.Debug|Any CPU.Build.0 = Debug|Any CPU
		{3FCE4077-2B91-42FA-9D20-2844E2ADA164}.Release|Any CPU.ActiveCfg = Release|Any CPU
		{3FCE4077-2B91-42FA-9D20-2844E2ADA164}.Release|Any CPU.Build.0 = Release|Any CPU
		{395D8410-94D8-4617-9A9A-1DC5C974D03B}.Debug|Any CPU.ActiveCfg = Debug|Any CPU
		{395D8410-94D8-4617-9A9A-1DC5C974D03B}.Debug|Any CPU.Build.0 = Debug|Any CPU
		{395D8410-94D8-4617-9A9A-1DC5C974D03B}.Release|Any CPU.ActiveCfg = Release|Any CPU
		{395D8410-94D8-4617-9A9A-1DC5C974D03B}.Release|Any CPU.Build.0 = Release|Any CPU
		{65F44DAF-5826-4DD2-9A16-501169E31932}.Debug|Any CPU.ActiveCfg = Debug|Any CPU
		{65F44DAF-5826-4DD2-9A16-501169E31932}.Debug|Any CPU.Build.0 = Debug|Any CPU
		{65F44DAF-5826-4DD2-9A16-501169E31932}.Release|Any CPU.ActiveCfg = Release|Any CPU
		{65F44DAF-5826-4DD2-9A16-501169E31932}.Release|Any CPU.Build.0 = Release|Any CPU
		{F8151C0D-31A6-493A-B122-87C0E52CDFAD}.Debug|Any CPU.ActiveCfg = Debug|Any CPU
		{F8151C0D-31A6-493A-B122-87C0E52CDFAD}.Debug|Any CPU.Build.0 = Debug|Any CPU
		{F8151C0D-31A6-493A-B122-87C0E52CDFAD}.Release|Any CPU.ActiveCfg = Release|Any CPU
		{F8151C0D-31A6-493A-B122-87C0E52CDFAD}.Release|Any CPU.Build.0 = Release|Any CPU
		{D93D1C50-075C-44F4-8540-9D5BDB0AF05E}.Debug|Any CPU.ActiveCfg = Debug|Any CPU
		{D93D1C50-075C-44F4-8540-9D5BDB0AF05E}.Debug|Any CPU.Build.0 = Debug|Any CPU
		{D93D1C50-075C-44F4-8540-9D5BDB0AF05E}.Release|Any CPU.ActiveCfg = Release|Any CPU
		{D93D1C50-075C-44F4-8540-9D5BDB0AF05E}.Release|Any CPU.Build.0 = Release|Any CPU
		{5A6C5CAD-5F3F-4AA3-9ECF-9368AD33E828}.Debug|Any CPU.ActiveCfg = Debug|Any CPU
		{5A6C5CAD-5F3F-4AA3-9ECF-9368AD33E828}.Debug|Any CPU.Build.0 = Debug|Any CPU
		{5A6C5CAD-5F3F-4AA3-9ECF-9368AD33E828}.Release|Any CPU.ActiveCfg = Release|Any CPU
		{5A6C5CAD-5F3F-4AA3-9ECF-9368AD33E828}.Release|Any CPU.Build.0 = Release|Any CPU
		{B5D9A983-7BF2-47D2-940C-0EBFA03EB394}.Debug|Any CPU.ActiveCfg = Debug|Any CPU
		{B5D9A983-7BF2-47D2-940C-0EBFA03EB394}.Debug|Any CPU.Build.0 = Debug|Any CPU
		{B5D9A983-7BF2-47D2-940C-0EBFA03EB394}.Release|Any CPU.ActiveCfg = Release|Any CPU
		{B5D9A983-7BF2-47D2-940C-0EBFA03EB394}.Release|Any CPU.Build.0 = Release|Any CPU
		{4A6F9145-C28B-459E-8C29-C6AAE5815CA6}.Debug|Any CPU.ActiveCfg = Debug|Any CPU
		{4A6F9145-C28B-459E-8C29-C6AAE5815CA6}.Debug|Any CPU.Build.0 = Debug|Any CPU
		{4A6F9145-C28B-459E-8C29-C6AAE5815CA6}.Release|Any CPU.ActiveCfg = Release|Any CPU
		{4A6F9145-C28B-459E-8C29-C6AAE5815CA6}.Release|Any CPU.Build.0 = Release|Any CPU
		{3F7765AA-03AD-4B73-A834-C06E63C8A849}.Debug|Any CPU.ActiveCfg = Debug|Any CPU
		{3F7765AA-03AD-4B73-A834-C06E63C8A849}.Debug|Any CPU.Build.0 = Debug|Any CPU
		{3F7765AA-03AD-4B73-A834-C06E63C8A849}.Release|Any CPU.ActiveCfg = Release|Any CPU
		{3F7765AA-03AD-4B73-A834-C06E63C8A849}.Release|Any CPU.Build.0 = Release|Any CPU
		{760F03C9-9BA9-459B-AC07-805A232DEAAC}.Debug|Any CPU.ActiveCfg = Debug|Any CPU
		{760F03C9-9BA9-459B-AC07-805A232DEAAC}.Debug|Any CPU.Build.0 = Debug|Any CPU
		{760F03C9-9BA9-459B-AC07-805A232DEAAC}.Release|Any CPU.ActiveCfg = Release|Any CPU
		{760F03C9-9BA9-459B-AC07-805A232DEAAC}.Release|Any CPU.Build.0 = Release|Any CPU
		{F6FC2DC0-080D-4F55-80EC-AD22EE1051E0}.Debug|Any CPU.ActiveCfg = Debug|Any CPU
		{F6FC2DC0-080D-4F55-80EC-AD22EE1051E0}.Debug|Any CPU.Build.0 = Debug|Any CPU
		{F6FC2DC0-080D-4F55-80EC-AD22EE1051E0}.Release|Any CPU.ActiveCfg = Release|Any CPU
		{F6FC2DC0-080D-4F55-80EC-AD22EE1051E0}.Release|Any CPU.Build.0 = Release|Any CPU
		{5E43F234-7F3D-4B6A-8EFD-E3B38F60C51E}.Debug|Any CPU.ActiveCfg = Debug|Any CPU
		{5E43F234-7F3D-4B6A-8EFD-E3B38F60C51E}.Debug|Any CPU.Build.0 = Debug|Any CPU
		{5E43F234-7F3D-4B6A-8EFD-E3B38F60C51E}.Release|Any CPU.ActiveCfg = Release|Any CPU
		{5E43F234-7F3D-4B6A-8EFD-E3B38F60C51E}.Release|Any CPU.Build.0 = Release|Any CPU
		{969B38E2-745F-4605-8EB0-021B5389E261}.Debug|Any CPU.ActiveCfg = Debug|Any CPU
		{969B38E2-745F-4605-8EB0-021B5389E261}.Debug|Any CPU.Build.0 = Debug|Any CPU
		{969B38E2-745F-4605-8EB0-021B5389E261}.Release|Any CPU.ActiveCfg = Release|Any CPU
		{969B38E2-745F-4605-8EB0-021B5389E261}.Release|Any CPU.Build.0 = Release|Any CPU
	EndGlobalSection
	GlobalSection(SolutionProperties) = preSolution
		HideSolutionNode = FALSE
	EndGlobalSection
EndGlobal
