
Microsoft Visual Studio Solution File, Format Version 12.00
# Visual Studio 14
VisualStudioVersion = 14.0.25420.1
MinimumVisualStudioVersion = 10.0.40219.1
Project("{FAE04EC0-301F-11D3-BF4B-00C04F79EFBC}") = "MVC5", "MVC5\MVC5.csproj", "{18641ECE-0FE4-4F24-B5B3-4C8C1CB5CCA3}"
EndProject
Project("{FAE04EC0-301F-11D3-BF4B-00C04F79EFBC}") = "MVC5.Tests", "MVC5.Tests\MVC5.Tests.csproj", "{27BBBD8E-67FA-4A45-9363-F601CB6AFBCC}"
EndProject
Global
	GlobalSection(SolutionConfigurationPlatforms) = preSolution
		Debug|Any CPU = Debug|Any CPU
		Release|Any CPU = Release|Any CPU
	EndGlobalSection
	GlobalSection(ProjectConfigurationPlatforms) = postSolution
		{18641ECE-0FE4-4F24-B5B3-4C8C1CB5CCA3}.Debug|Any CPU.ActiveCfg = Debug|Any CPU
		{18641ECE-0FE4-4F24-B5B3-4C8C1CB5CCA3}.Debug|Any CPU.Build.0 = Debug|Any CPU
		{18641ECE-0FE4-4F24-B5B3-4C8C1CB5CCA3}.Release|Any CPU.ActiveCfg = Release|Any CPU
		{18641ECE-0FE4-4F24-B5B3-4C8C1CB5CCA3}.Release|Any CPU.Build.0 = Release|Any CPU
		{27BBBD8E-67FA-4A45-9363-F601CB6AFBCC}.Debug|Any CPU.ActiveCfg = Debug|Any CPU
		{27BBBD8E-67FA-4A45-9363-F601CB6AFBCC}.Debug|Any CPU.Build.0 = Debug|Any CPU
		{27BBBD8E-67FA-4A45-9363-F601CB6AFBCC}.Release|Any CPU.ActiveCfg = Release|Any CPU
		{27BBBD8E-67FA-4A45-9363-F601CB6AFBCC}.Release|Any CPU.Build.0 = Release|Any CPU
	EndGlobalSection
	GlobalSection(SolutionProperties) = preSolution
		HideSolutionNode = FALSE
	EndGlobalSection
EndGlobal
