
Microsoft Visual Studio Solution File, Format Version 12.00
# Visual Studio 14
VisualStudioVersion = 14.0.25420.1
MinimumVisualStudioVersion = 10.0.40219.1
Project("{FAE04EC0-301F-11D3-BF4B-00C04F79EFBC}") = "Client", "Client\Client.csproj", "{C2C48933-25B7-4CDD-87F3-7AF427A80D51}"
EndProject
Project("{FAE04EC0-301F-11D3-BF4B-00C04F79EFBC}") = "Server", "Server\Server.csproj", "{7F25448D-D0E8-4E0B-9417-8BA1DB72D1A4}"
EndProject
Project("{FAE04EC0-301F-11D3-BF4B-00C04F79EFBC}") = "Compress", "Compress\Compress.csproj", "{47A0B2D4-44D8-4296-AA07-EAF527A22397}"
EndProject
Project("{FAE04EC0-301F-11D3-BF4B-00C04F79EFBC}") = "Cryept", "Cryept\Cryept.csproj", "{BEA1378A-E844-42B1-A540-C9E106E36AFB}"
EndProject
Global
	GlobalSection(SolutionConfigurationPlatforms) = preSolution
		Debug|Any CPU = Debug|Any CPU
		Release|Any CPU = Release|Any CPU
	EndGlobalSection
	GlobalSection(ProjectConfigurationPlatforms) = postSolution
		{C2C48933-25B7-4CDD-87F3-7AF427A80D51}.Debug|Any CPU.ActiveCfg = Debug|Any CPU
		{C2C48933-25B7-4CDD-87F3-7AF427A80D51}.Debug|Any CPU.Build.0 = Debug|Any CPU
		{C2C48933-25B7-4CDD-87F3-7AF427A80D51}.Release|Any CPU.ActiveCfg = Release|Any CPU
		{C2C48933-25B7-4CDD-87F3-7AF427A80D51}.Release|Any CPU.Build.0 = Release|Any CPU
		{7F25448D-D0E8-4E0B-9417-8BA1DB72D1A4}.Debug|Any CPU.ActiveCfg = Debug|Any CPU
		{7F25448D-D0E8-4E0B-9417-8BA1DB72D1A4}.Debug|Any CPU.Build.0 = Debug|Any CPU
		{7F25448D-D0E8-4E0B-9417-8BA1DB72D1A4}.Release|Any CPU.ActiveCfg = Release|Any CPU
		{7F25448D-D0E8-4E0B-9417-8BA1DB72D1A4}.Release|Any CPU.Build.0 = Release|Any CPU
		{47A0B2D4-44D8-4296-AA07-EAF527A22397}.Debug|Any CPU.ActiveCfg = Debug|Any CPU
		{47A0B2D4-44D8-4296-AA07-EAF527A22397}.Debug|Any CPU.Build.0 = Debug|Any CPU
		{47A0B2D4-44D8-4296-AA07-EAF527A22397}.Release|Any CPU.ActiveCfg = Release|Any CPU
		{47A0B2D4-44D8-4296-AA07-EAF527A22397}.Release|Any CPU.Build.0 = Release|Any CPU
		{BEA1378A-E844-42B1-A540-C9E106E36AFB}.Debug|Any CPU.ActiveCfg = Debug|Any CPU
		{BEA1378A-E844-42B1-A540-C9E106E36AFB}.Debug|Any CPU.Build.0 = Debug|Any CPU
		{BEA1378A-E844-42B1-A540-C9E106E36AFB}.Release|Any CPU.ActiveCfg = Release|Any CPU
		{BEA1378A-E844-42B1-A540-C9E106E36AFB}.Release|Any CPU.Build.0 = Release|Any CPU
	EndGlobalSection
	GlobalSection(SolutionProperties) = preSolution
		HideSolutionNode = FALSE
	EndGlobalSection
EndGlobal
