
Microsoft Visual Studio Solution File, Format Version 12.00
# Visual Studio 14
VisualStudioVersion = 14.0.25420.1
MinimumVisualStudioVersion = 10.0.40219.1
Project("{FAE04EC0-301F-11D3-BF4B-00C04F79EFBC}") = "WebApiFileUpload.Api", "WebApiFileUpload.Api\WebApiFileUpload.Api.csproj", "{00E1CCEB-79EA-4577-A713-7DECCFC1829E}"
EndProject
Project("{FAE04EC0-301F-11D3-BF4B-00C04F79EFBC}") = "WebApiFileUpload.Client", "WebApiFileUpload.Client\WebApiFileUpload.Client.csproj", "{71F82DD9-7408-4992-B482-B0AC8022D487}"
EndProject
Project("{FAE04EC0-301F-11D3-BF4B-00C04F79EFBC}") = "WebApiFileUpload.WebClient", "WebApiFileUpload.WebClient\WebApiFileUpload.WebClient.csproj", "{82ECB74E-182A-4FEB-83B7-AF16239AA7C7}"
EndProject
Global
	GlobalSection(SolutionConfigurationPlatforms) = preSolution
		Debug|Any CPU = Debug|Any CPU
		Release|Any CPU = Release|Any CPU
	EndGlobalSection
	GlobalSection(ProjectConfigurationPlatforms) = postSolution
		{00E1CCEB-79EA-4577-A713-7DECCFC1829E}.Debug|Any CPU.ActiveCfg = Debug|Any CPU
		{00E1CCEB-79EA-4577-A713-7DECCFC1829E}.Debug|Any CPU.Build.0 = Debug|Any CPU
		{00E1CCEB-79EA-4577-A713-7DECCFC1829E}.Release|Any CPU.ActiveCfg = Release|Any CPU
		{00E1CCEB-79EA-4577-A713-7DECCFC1829E}.Release|Any CPU.Build.0 = Release|Any CPU
		{71F82DD9-7408-4992-B482-B0AC8022D487}.Debug|Any CPU.ActiveCfg = Debug|Any CPU
		{71F82DD9-7408-4992-B482-B0AC8022D487}.Debug|Any CPU.Build.0 = Debug|Any CPU
		{71F82DD9-7408-4992-B482-B0AC8022D487}.Release|Any CPU.ActiveCfg = Release|Any CPU
		{71F82DD9-7408-4992-B482-B0AC8022D487}.Release|Any CPU.Build.0 = Release|Any CPU
		{82ECB74E-182A-4FEB-83B7-AF16239AA7C7}.Debug|Any CPU.ActiveCfg = Debug|Any CPU
		{82ECB74E-182A-4FEB-83B7-AF16239AA7C7}.Debug|Any CPU.Build.0 = Debug|Any CPU
		{82ECB74E-182A-4FEB-83B7-AF16239AA7C7}.Release|Any CPU.ActiveCfg = Release|Any CPU
		{82ECB74E-182A-4FEB-83B7-AF16239AA7C7}.Release|Any CPU.Build.0 = Release|Any CPU
	EndGlobalSection
	GlobalSection(SolutionProperties) = preSolution
		HideSolutionNode = FALSE
	EndGlobalSection
EndGlobal
