
Microsoft Visual Studio Solution File, Format Version 12.00
# Visual Studio 14
VisualStudioVersion = 14.0.25420.1
MinimumVisualStudioVersion = 10.0.40219.1
Project("{FAE04EC0-301F-11D3-BF4B-00C04F79EFBC}") = "SocialNetwork.Api", "SocialNetwork.Api\SocialNetwork.Api.csproj", "{1B684AAD-90DD-410F-A3C3-62361642816B}"
EndProject
Project("{FAE04EC0-301F-11D3-BF4B-00C04F79EFBC}") = "SocialNetwork.Data", "SocialNetwork.Data\SocialNetwork.Data.csproj", "{371F81F5-188C-40B3-A346-32D89E8CFED2}"
EndProject
Project("{FAE04EC0-301F-11D3-BF4B-00C04F79EFBC}") = "SocialNetwork.DbMigrations", "SocialNetwork.DbMigrations\SocialNetwork.DbMigrations.csproj", "{ABF4A009-5DA7-449C-8BE9-70F0222E942F}"
EndProject
Project("{FAE04EC0-301F-11D3-BF4B-00C04F79EFBC}") = "SocialNetwork.OAuth", "SocialNetwork.OAuth\SocialNetwork.OAuth.csproj", "{1BA07826-26B3-4A45-A8FB-E5AFDF045004}"
EndProject
Project("{FAE04EC0-301F-11D3-BF4B-00C04F79EFBC}") = "SocialNetwork.Web", "SocialNetwork.Web\SocialNetwork.Web.csproj", "{CC544D61-5C1A-4155-BD65-AFE8F51B6F2B}"
EndProject
Project("{FAE04EC0-301F-11D3-BF4B-00C04F79EFBC}") = "SocialNetwork.Web1", "SocialNetwork.Web1\SocialNetwork.Web1.csproj", "{919CB3FF-D60D-474D-9098-982F64AA3E72}"
EndProject
Global
	GlobalSection(SolutionConfigurationPlatforms) = preSolution
		Debug|Any CPU = Debug|Any CPU
		Release|Any CPU = Release|Any CPU
	EndGlobalSection
	GlobalSection(ProjectConfigurationPlatforms) = postSolution
		{1B684AAD-90DD-410F-A3C3-62361642816B}.Debug|Any CPU.ActiveCfg = Debug|Any CPU
		{1B684AAD-90DD-410F-A3C3-62361642816B}.Debug|Any CPU.Build.0 = Debug|Any CPU
		{1B684AAD-90DD-410F-A3C3-62361642816B}.Release|Any CPU.ActiveCfg = Release|Any CPU
		{1B684AAD-90DD-410F-A3C3-62361642816B}.Release|Any CPU.Build.0 = Release|Any CPU
		{371F81F5-188C-40B3-A346-32D89E8CFED2}.Debug|Any CPU.ActiveCfg = Debug|Any CPU
		{371F81F5-188C-40B3-A346-32D89E8CFED2}.Debug|Any CPU.Build.0 = Debug|Any CPU
		{371F81F5-188C-40B3-A346-32D89E8CFED2}.Release|Any CPU.ActiveCfg = Release|Any CPU
		{371F81F5-188C-40B3-A346-32D89E8CFED2}.Release|Any CPU.Build.0 = Release|Any CPU
		{ABF4A009-5DA7-449C-8BE9-70F0222E942F}.Debug|Any CPU.ActiveCfg = Debug|Any CPU
		{ABF4A009-5DA7-449C-8BE9-70F0222E942F}.Debug|Any CPU.Build.0 = Debug|Any CPU
		{ABF4A009-5DA7-449C-8BE9-70F0222E942F}.Release|Any CPU.ActiveCfg = Release|Any CPU
		{ABF4A009-5DA7-449C-8BE9-70F0222E942F}.Release|Any CPU.Build.0 = Release|Any CPU
		{1BA07826-26B3-4A45-A8FB-E5AFDF045004}.Debug|Any CPU.ActiveCfg = Debug|Any CPU
		{1BA07826-26B3-4A45-A8FB-E5AFDF045004}.Debug|Any CPU.Build.0 = Debug|Any CPU
		{1BA07826-26B3-4A45-A8FB-E5AFDF045004}.Release|Any CPU.ActiveCfg = Release|Any CPU
		{1BA07826-26B3-4A45-A8FB-E5AFDF045004}.Release|Any CPU.Build.0 = Release|Any CPU
		{CC544D61-5C1A-4155-BD65-AFE8F51B6F2B}.Debug|Any CPU.ActiveCfg = Debug|Any CPU
		{CC544D61-5C1A-4155-BD65-AFE8F51B6F2B}.Debug|Any CPU.Build.0 = Debug|Any CPU
		{CC544D61-5C1A-4155-BD65-AFE8F51B6F2B}.Release|Any CPU.ActiveCfg = Release|Any CPU
		{CC544D61-5C1A-4155-BD65-AFE8F51B6F2B}.Release|Any CPU.Build.0 = Release|Any CPU
		{919CB3FF-D60D-474D-9098-982F64AA3E72}.Debug|Any CPU.ActiveCfg = Debug|Any CPU
		{919CB3FF-D60D-474D-9098-982F64AA3E72}.Debug|Any CPU.Build.0 = Debug|Any CPU
		{919CB3FF-D60D-474D-9098-982F64AA3E72}.Release|Any CPU.ActiveCfg = Release|Any CPU
		{919CB3FF-D60D-474D-9098-982F64AA3E72}.Release|Any CPU.Build.0 = Release|Any CPU
	EndGlobalSection
	GlobalSection(SolutionProperties) = preSolution
		HideSolutionNode = FALSE
	EndGlobalSection
EndGlobal
